
Microsoft Visual Studio Solution File, Format Version 12.00
# Visual Studio Version 17
VisualStudioVersion = 17.9.34728.123
MinimumVisualStudioVersion = 10.0.40219.1
Project("{FAE04EC0-301F-11D3-BF4B-00C04F79EFBC}") = "assurance", "assurance\assurance.csproj", "{D5881712-35B3-46FB-9B07-DB42505C545A}"
EndProject
Global
	GlobalSection(SolutionConfigurationPlatforms) = preSolution
		Debug|Any CPU = Debug|Any CPU
		Release|Any CPU = Release|Any CPU
	EndGlobalSection
	GlobalSection(ProjectConfigurationPlatforms) = postSolution
		{D5881712-35B3-46FB-9B07-DB42505C545A}.Debug|Any CPU.ActiveCfg = Debug|Any CPU
		{D5881712-35B3-46FB-9B07-DB42505C545A}.Debug|Any CPU.Build.0 = Debug|Any CPU
		{D5881712-35B3-46FB-9B07-DB42505C545A}.Release|Any CPU.ActiveCfg = Release|Any CPU
		{D5881712-35B3-46FB-9B07-DB42505C545A}.Release|Any CPU.Build.0 = Release|Any CPU
	EndGlobalSection
	GlobalSection(SolutionProperties) = preSolution
		HideSolutionNode = FALSE
	EndGlobalSection
	GlobalSection(ExtensibilityGlobals) = postSolution
		SolutionGuid = {3D2FC379-17A2-4CA9-8FA1-5A7441A6A7E0}
	EndGlobalSection
EndGlobal
